// !$*UTF8*$!
{
	archiveVersion = 1;
	classes = {
	};
	objectVersion = 46;
	objects = {

/* Begin PBXBuildFile section */
		6C971E3F1CCD01A90032AE70 /* main.m in Sources */ = {isa = PBXBuildFile; fileRef = 6C971E3E1CCD01A90032AE70 /* main.m */; };
		6C971E421CCD01A90032AE70 /* AppDelegate.m in Sources */ = {isa = PBXBuildFile; fileRef = 6C971E411CCD01A90032AE70 /* AppDelegate.m */; };
		6C971E481CCD01A90032AE70 /* Main.storyboard in Resources */ = {isa = PBXBuildFile; fileRef = 6C971E461CCD01A90032AE70 /* Main.storyboard */; };
		6C971E4A1CCD01A90032AE70 /* Assets.xcassets in Resources */ = {isa = PBXBuildFile; fileRef = 6C971E491CCD01A90032AE70 /* Assets.xcassets */; };
		6C971E4D1CCD01A90032AE70 /* LaunchScreen.storyboard in Resources */ = {isa = PBXBuildFile; fileRef = 6C971E4B1CCD01A90032AE70 /* LaunchScreen.storyboard */; };
		6C971E561CCD267C0032AE70 /* HeroDetailViewController.m in Sources */ = {isa = PBXBuildFile; fileRef = 6C971E551CCD267C0032AE70 /* HeroDetailViewController.m */; };
		6C971E591CCD2EAB0032AE70 /* HeroTableViewController.m in Sources */ = {isa = PBXBuildFile; fileRef = 6C971E581CCD2EAB0032AE70 /* HeroTableViewController.m */; };
		6C971E5C1CCD2ED20032AE70 /* Hero.m in Sources */ = {isa = PBXBuildFile; fileRef = 6C971E5B1CCD2ED20032AE70 /* Hero.m */; };
		6C971E5E1CCD374A0032AE70 /* heroes.json in Resources */ = {isa = PBXBuildFile; fileRef = 6C971E5D1CCD374A0032AE70 /* heroes.json */; };
/* End PBXBuildFile section */

/* Begin PBXFileReference section */
		6C971E3A1CCD01A90032AE70 /* S.H.I.E.L.D Hero Tracker.app */ = {isa = PBXFileReference; explicitFileType = wrapper.application; includeInIndex = 0; path = "S.H.I.E.L.D Hero Tracker.app"; sourceTree = BUILT_PRODUCTS_DIR; };
		6C971E3E1CCD01A90032AE70 /* main.m */ = {isa = PBXFileReference; lastKnownFileType = sourcecode.c.objc; path = main.m; sourceTree = "<group>"; };
		6C971E401CCD01A90032AE70 /* AppDelegate.h */ = {isa = PBXFileReference; lastKnownFileType = sourcecode.c.h; path = AppDelegate.h; sourceTree = "<group>"; };
		6C971E411CCD01A90032AE70 /* AppDelegate.m */ = {isa = PBXFileReference; lastKnownFileType = sourcecode.c.objc; path = AppDelegate.m; sourceTree = "<group>"; };
		6C971E471CCD01A90032AE70 /* Base */ = {isa = PBXFileReference; lastKnownFileType = file.storyboard; name = Base; path = Base.lproj/Main.storyboard; sourceTree = "<group>"; };
		6C971E491CCD01A90032AE70 /* Assets.xcassets */ = {isa = PBXFileReference; lastKnownFileType = folder.assetcatalog; path = Assets.xcassets; sourceTree = "<group>"; };
		6C971E4C1CCD01A90032AE70 /* Base */ = {isa = PBXFileReference; lastKnownFileType = file.storyboard; name = Base; path = Base.lproj/LaunchScreen.storyboard; sourceTree = "<group>"; };
		6C971E4E1CCD01A90032AE70 /* Info.plist */ = {isa = PBXFileReference; lastKnownFileType = text.plist.xml; path = Info.plist; sourceTree = "<group>"; };
		6C971E541CCD267C0032AE70 /* HeroDetailViewController.h */ = {isa = PBXFileReference; fileEncoding = 4; lastKnownFileType = sourcecode.c.h; path = HeroDetailViewController.h; sourceTree = "<group>"; };
		6C971E551CCD267C0032AE70 /* HeroDetailViewController.m */ = {isa = PBXFileReference; fileEncoding = 4; lastKnownFileType = sourcecode.c.objc; path = HeroDetailViewController.m; sourceTree = "<group>"; };
		6C971E571CCD2EAB0032AE70 /* HeroTableViewController.h */ = {isa = PBXFileReference; fileEncoding = 4; lastKnownFileType = sourcecode.c.h; path = HeroTableViewController.h; sourceTree = "<group>"; };
		6C971E581CCD2EAB0032AE70 /* HeroTableViewController.m */ = {isa = PBXFileReference; fileEncoding = 4; lastKnownFileType = sourcecode.c.objc; path = HeroTableViewController.m; sourceTree = "<group>"; };
		6C971E5A1CCD2ED20032AE70 /* Hero.h */ = {isa = PBXFileReference; fileEncoding = 4; lastKnownFileType = sourcecode.c.h; path = Hero.h; sourceTree = "<group>"; };
		6C971E5B1CCD2ED20032AE70 /* Hero.m */ = {isa = PBXFileReference; fileEncoding = 4; lastKnownFileType = sourcecode.c.objc; path = Hero.m; sourceTree = "<group>"; };
		6C971E5D1CCD374A0032AE70 /* heroes.json */ = {isa = PBXFileReference; fileEncoding = 4; lastKnownFileType = text.json; name = heroes.json; path = "../../TIY-Assignment-Resources/SHIELD-Hero-Tracker/heroes.json"; sourceTree = "<group>"; };
/* End PBXFileReference section */

/* Begin PBXFrameworksBuildPhase section */
		6C971E371CCD01A90032AE70 /* Frameworks */ = {
			isa = PBXFrameworksBuildPhase;
			buildActionMask = 2147483647;
			files = (
			);
			runOnlyForDeploymentPostprocessing = 0;
		};
/* End PBXFrameworksBuildPhase section */

/* Begin PBXGroup section */
		6C971E311CCD01A90032AE70 = {
			isa = PBXGroup;
			children = (
				6C971E3C1CCD01A90032AE70 /* S.H.I.E.L.D Hero Tracker */,
				6C971E3B1CCD01A90032AE70 /* Products */,
			);
			sourceTree = "<group>";
		};
		6C971E3B1CCD01A90032AE70 /* Products */ = {
			isa = PBXGroup;
			children = (
				6C971E3A1CCD01A90032AE70 /* S.H.I.E.L.D Hero Tracker.app */,
			);
			name = Products;
			sourceTree = "<group>";
		};
		6C971E3C1CCD01A90032AE70 /* S.H.I.E.L.D Hero Tracker */ = {
			isa = PBXGroup;
			children = (
				6C971E401CCD01A90032AE70 /* AppDelegate.h */,
				6C971E411CCD01A90032AE70 /* AppDelegate.m */,
				6C971E461CCD01A90032AE70 /* Main.storyboard */,
				6C971E541CCD267C0032AE70 /* HeroDetailViewController.h */,
				6C971E551CCD267C0032AE70 /* HeroDetailViewController.m */,
				6C971E571CCD2EAB0032AE70 /* HeroTableViewController.h */,
				6C971E581CCD2EAB0032AE70 /* HeroTableViewController.m */,
				6C971E5A1CCD2ED20032AE70 /* Hero.h */,
				6C971E5B1CCD2ED20032AE70 /* Hero.m */,
				6C971E491CCD01A90032AE70 /* Assets.xcassets */,
				6C971E5D1CCD374A0032AE70 /* heroes.json */,
				6C971E4B1CCD01A90032AE70 /* LaunchScreen.storyboard */,
				6C971E4E1CCD01A90032AE70 /* Info.plist */,
				6C971E3D1CCD01A90032AE70 /* Supporting Files */,
			);
			path = "S.H.I.E.L.D Hero Tracker";
			sourceTree = "<group>";
		};
		6C971E3D1CCD01A90032AE70 /* Supporting Files */ = {
			isa = PBXGroup;
			children = (
				6C971E3E1CCD01A90032AE70 /* main.m */,
			);
			name = "Supporting Files";
			sourceTree = "<group>";
		};
/* End PBXGroup section */

/* Begin PBXNativeTarget section */
		6C971E391CCD01A90032AE70 /* S.H.I.E.L.D Hero Tracker */ = {
			isa = PBXNativeTarget;
			buildConfigurationList = 6C971E511CCD01A90032AE70 /* Build configuration list for PBXNativeTarget "S.H.I.E.L.D Hero Tracker" */;
			buildPhases = (
				6C971E361CCD01A90032AE70 /* Sources */,
				6C971E371CCD01A90032AE70 /* Frameworks */,
				6C971E381CCD01A90032AE70 /* Resources */,
			);
			buildRules = (
			);
			dependencies = (
			);
			name = "S.H.I.E.L.D Hero Tracker";
			productName = "S.H.I.E.L.D Hero Tracker";
			productReference = 6C971E3A1CCD01A90032AE70 /* S.H.I.E.L.D Hero Tracker.app */;
			productType = "com.apple.product-type.application";
		};
/* End PBXNativeTarget section */

/* Begin PBXProject section */
		6C971E321CCD01A90032AE70 /* Project object */ = {
			isa = PBXProject;
			attributes = {
				LastUpgradeCheck = 0720;
				ORGANIZATIONNAME = moorsideinc;
				TargetAttributes = {
					6C971E391CCD01A90032AE70 = {
						CreatedOnToolsVersion = 7.2.1;
					};
				};
			};
			buildConfigurationList = 6C971E351CCD01A90032AE70 /* Build configuration list for PBXProject "S.H.I.E.L.D Hero Tracker" */;
			compatibilityVersion = "Xcode 3.2";
			developmentRegion = English;
			hasScannedForEncodings = 0;
			knownRegions = (
				en,
				Base,
			);
			mainGroup = 6C971E311CCD01A90032AE70;
			productRefGroup = 6C971E3B1CCD01A90032AE70 /* Products */;
			projectDirPath = "";
			projectRoot = "";
			targets = (
				6C971E391CCD01A90032AE70 /* S.H.I.E.L.D Hero Tracker */,
			);
		};
/* End PBXProject section */

/* Begin PBXResourcesBuildPhase section */
		6C971E381CCD01A90032AE70 /* Resources */ = {
			isa = PBXResourcesBuildPhase;
			buildActionMask = 2147483647;
			files = (
				6C971E4D1CCD01A90032AE70 /* LaunchScreen.storyboard in Resources */,
				6C971E5E1CCD374A0032AE70 /* heroes.json in Resources */,
				6C971E4A1CCD01A90032AE70 /* Assets.xcassets in Resources */,
				6C971E481CCD01A90032AE70 /* Main.storyboard in Resources */,
			);
			runOnlyForDeploymentPostprocessing = 0;
		};
/* End PBXResourcesBuildPhase section */

/* Begin PBXSourcesBuildPhase section */
		6C971E361CCD01A90032AE70 /* Sources */ = {
			isa = PBXSourcesBuildPhase;
			buildActionMask = 2147483647;
			files = (
				6C971E5C1CCD2ED20032AE70 /* Hero.m in Sources */,
				6C971E561CCD267C0032AE70 /* HeroDetailViewController.m in Sources */,
				6C971E591CCD2EAB0032AE70 /* HeroTableViewController.m in Sources */,
				6C971E421CCD01A90032AE70 /* AppDelegate.m in Sources */,
				6C971E3F1CCD01A90032AE70 /* main.m in Sources */,
			);
			runOnlyForDeploymentPostprocessing = 0;
		};
/* End PBXSourcesBuildPhase section */

/* Begin PBXVariantGroup section */
		6C971E461CCD01A90032AE70 /* Main.storyboard */ = {
			isa = PBXVariantGroup;
			children = (
				6C971E471CCD01A90032AE70 /* Base */,
			);
			name = Main.storyboard;
			sourceTree = "<group>";
		};
		6C971E4B1CCD01A90032AE70 /* LaunchScreen.storyboard */ = {
			isa = PBXVariantGroup;
			children = (
				6C971E4C1CCD01A90032AE70 /* Base */,
			);
			name = LaunchScreen.storyboard;
			sourceTree = "<group>";
		};
/* End PBXVariantGroup section */

/* Begin XCBuildConfiguration section */
		6C971E4F1CCD01A90032AE70 /* Debug */ = {
			isa = XCBuildConfiguration;
			buildSettings = {
				ALWAYS_SEARCH_USER_PATHS = NO;
				CLANG_CXX_LANGUAGE_STANDARD = "gnu++0x";
				CLANG_CXX_LIBRARY = "libc++";
				CLANG_ENABLE_MODULES = YES;
				CLANG_ENABLE_OBJC_ARC = YES;
				CLANG_WARN_BOOL_CONVERSION = YES;
				CLANG_WARN_CONSTANT_CONVERSION = YES;
				CLANG_WARN_DIRECT_OBJC_ISA_USAGE = YES_ERROR;
				CLANG_WARN_EMPTY_BODY = YES;
				CLANG_WARN_ENUM_CONVERSION = YES;
				CLANG_WARN_INT_CONVERSION = YES;
				CLANG_WARN_OBJC_ROOT_CLASS = YES_ERROR;
				CLANG_WARN_UNREACHABLE_CODE = YES;
				CLANG_WARN__DUPLICATE_METHOD_MATCH = YES;
				"CODE_SIGN_IDENTITY[sdk=iphoneos*]" = "iPhone Developer";
				COPY_PHASE_STRIP = NO;
				DEBUG_INFORMATION_FORMAT = dwarf;
				ENABLE_STRICT_OBJC_MSGSEND = YES;
				ENABLE_TESTABILITY = YES;
				GCC_C_LANGUAGE_STANDARD = gnu99;
				GCC_DYNAMIC_NO_PIC = NO;
				GCC_NO_COMMON_BLOCKS = YES;
				GCC_OPTIMIZATION_LEVEL = 0;
				GCC_PREPROCESSOR_DEFINITIONS = (
					"DEBUG=1",
					"$(inherited)",
				);
				GCC_WARN_64_TO_32_BIT_CONVERSION = YES;
				GCC_WARN_ABOUT_RETURN_TYPE = YES_ERROR;
				GCC_WARN_UNDECLARED_SELECTOR = YES;
				GCC_WARN_UNINITIALIZED_AUTOS = YES_AGGRESSIVE;
				GCC_WARN_UNUSED_FUNCTION = YES;
				GCC_WARN_UNUSED_VARIABLE = YES;
				IPHONEOS_DEPLOYMENT_TARGET = 9.2;
				MTL_ENABLE_DEBUG_INFO = YES;
				ONLY_ACTIVE_ARCH = YES;
				SDKROOT = iphoneos;
			};
			name = Debug;
		};
		6C971E501CCD01A90032AE70 /* Release */ = {
			isa = XCBuildConfiguration;
			buildSettings = {
				ALWAYS_SEARCH_USER_PATHS = NO;
				CLANG_CXX_LANGUAGE_STANDARD = "gnu++0x";
				CLANG_CXX_LIBRARY = "libc++";
				CLANG_ENABLE_MODULES = YES;
				CLANG_ENABLE_OBJC_ARC = YES;
				CLANG_WARN_BOOL_CONVERSION = YES;
				CLANG_WARN_CONSTANT_CONVERSION = YES;
				CLANG_WARN_DIRECT_OBJC_ISA_USAGE = YES_ERROR;
				CLANG_WARN_EMPTY_BODY = YES;
				CLANG_WARN_ENUM_CONVERSION = YES;
				CLANG_WARN_INT_CONVERSION = YES;
				CLANG_WARN_OBJC_ROOT_CLASS = YES_ERROR;
				CLANG_WARN_UNREACHABLE_CODE = YES;
				CLANG_WARN__DUPLICATE_METHOD_MATCH = YES;
				"CODE_SIGN_IDENTITY[sdk=iphoneos*]" = "iPhone Developer";
				COPY_PHASE_STRIP = NO;
				DEBUG_INFORMATION_FORMAT = "dwarf-with-dsym";
				ENABLE_NS_ASSERTIONS = NO;
				ENABLE_STRICT_OBJC_MSGSEND = YES;
				GCC_C_LANGUAGE_STANDARD = gnu99;
				GCC_NO_COMMON_BLOCKS = YES;
				GCC_WARN_64_TO_32_BIT_CONVERSION = YES;
				GCC_WARN_ABOUT_RETURN_TYPE = YES_ERROR;
				GCC_WARN_UNDECLARED_SELECTOR = YES;
				GCC_WARN_UNINITIALIZED_AUTOS = YES_AGGRESSIVE;
				GCC_WARN_UNUSED_FUNCTION = YES;
				GCC_WARN_UNUSED_VARIABLE = YES;
				IPHONEOS_DEPLOYMENT_TARGET = 9.2;
				MTL_ENABLE_DEBUG_INFO = NO;
				SDKROOT = iphoneos;
				VALIDATE_PRODUCT = YES;
			};
			name = Release;
		};
		6C971E521CCD01A90032AE70 /* Debug */ = {
			isa = XCBuildConfiguration;
			buildSettings = {
				ASSETCATALOG_COMPILER_APPICON_NAME = AppIcon;
				INFOPLIST_FILE = "S.H.I.E.L.D Hero Tracker/Info.plist";
				LD_RUNPATH_SEARCH_PATHS = "$(inherited) @executable_path/Frameworks";
				PRODUCT_BUNDLE_IDENTIFIER = "com.moorsideinc.S-H-I-E-L-D-Hero-Tracker";
				PRODUCT_NAME = "$(TARGET_NAME)";
			};
			name = Debug;
		};
		6C971E531CCD01A90032AE70 /* Release */ = {
			isa = XCBuildConfiguration;
			buildSettings = {
				ASSETCATALOG_COMPILER_APPICON_NAME = AppIcon;
				INFOPLIST_FILE = "S.H.I.E.L.D Hero Tracker/Info.plist";
				LD_RUNPATH_SEARCH_PATHS = "$(inherited) @executable_path/Frameworks";
				PRODUCT_BUNDLE_IDENTIFIER = "com.moorsideinc.S-H-I-E-L-D-Hero-Tracker";
				PRODUCT_NAME = "$(TARGET_NAME)";
			};
			name = Release;
		};
/* End XCBuildConfiguration section */

/* Begin XCConfigurationList section */
		6C971E351CCD01A90032AE70 /* Build configuration list for PBXProject "S.H.I.E.L.D Hero Tracker" */ = {
			isa = XCConfigurationList;
			buildConfigurations = (
				6C971E4F1CCD01A90032AE70 /* Debug */,
				6C971E501CCD01A90032AE70 /* Release */,
			);
			defaultConfigurationIsVisible = 0;
			defaultConfigurationName = Release;
		};
		6C971E511CCD01A90032AE70 /* Build configuration list for PBXNativeTarget "S.H.I.E.L.D Hero Tracker" */ = {
			isa = XCConfigurationList;
			buildConfigurations = (
				6C971E521CCD01A90032AE70 /* Debug */,
				6C971E531CCD01A90032AE70 /* Release */,
			);
			defaultConfigurationIsVisible = 0;
		};
/* End XCConfigurationList section */
	};
	rootObject = 6C971E321CCD01A90032AE70 /* Project object */;
}
